
Microsoft Visual Studio Solution File, Format Version 12.00
# Visual Studio Version 16
VisualStudioVersion = 16.0.31005.135
MinimumVisualStudioVersion = 10.0.40219.1
Project("{9A19103F-16F7-4668-BE54-9A1E7A4F7556}") = "MessageReceiveSample", "MessageReceiveSample\MessageReceiveSample.csproj", "{8B1CB578-E023-4D20-9DCF-273E96FD3F0D}"
EndProject
Project("{9A19103F-16F7-4668-BE54-9A1E7A4F7556}") = "MethodSample", "MethodSample\MethodSample.csproj", "{9D8CD091-0507-4726-83C4-330D442EB164}"
EndProject
Project("{9A19103F-16F7-4668-BE54-9A1E7A4F7556}") = "TwinSample", "TwinSample\TwinSample.csproj", "{28230833-B769-4CF5-94FE-C81E1632C74F}"
EndProject
Project("{9A19103F-16F7-4668-BE54-9A1E7A4F7556}") = "SimulatedDeviceWithCommand", "SimulatedDeviceWithCommand\SimulatedDeviceWithCommand.csproj", "{784ED679-000E-41F6-8EB3-5DE29C2A1898}"
EndProject
Project("{2150E333-8FDC-42A3-9474-1A3956D46DE8}") = "Messaging", "Messaging", "{C144D278-E71B-442C-A0D6-526AE5819480}"
EndProject
Project("{2150E333-8FDC-42A3-9474-1A3956D46DE8}") = "Routing", "Routing", "{95261A67-2D82-497B-A1A3-62EEACD87F17}"
EndProject
Project("{9A19103F-16F7-4668-BE54-9A1E7A4F7556}") = "SimulatedDevice", "SimulatedDevice\SimulatedDevice.csproj", "{0639F5B3-BFB6-4135-8E22-38C2DB92344B}"
EndProject
Project("{2150E333-8FDC-42A3-9474-1A3956D46DE8}") = "Provisioning", "Provisioning", "{114F33C3-3A30-4A18-9BBC-FE204EF735EA}"
EndProject
Project("{9A19103F-16F7-4668-BE54-9A1E7A4F7556}") = "SymmetricKeySample", "SymmetricKeySample\SymmetricKeySample.csproj", "{5CFFE8ED-CEC7-4A9B-ADD3-3793766D1BC0}"
EndProject
Project("{2150E333-8FDC-42A3-9474-1A3956D46DE8}") = "DigitalTwins", "DigitalTwins", "{8CCADF98-E27D-4CC1-B1FD-ECC82A6FD673}"
EndProject
Project("{9A19103F-16F7-4668-BE54-9A1E7A4F7556}") = "DigitalTwinDemo.DeviceSimulator", "DigitalTwins\DigitalTwinDemo.DeviceSimulator\DigitalTwinDemo.DeviceSimulator.csproj", "{CF716A12-78C3-47A4-A486-3B16ADEE4C0D}"
EndProject
Project("{9A19103F-16F7-4668-BE54-9A1E7A4F7556}") = "DigitalTwinDemo.Functions", "DigitalTwins\DigitalTwinDemo.Functions\DigitalTwinDemo.Functions.csproj", "{70F21245-6D98-4EA1-B044-E3AD6B997043}"
EndProject
Project("{9A19103F-16F7-4668-BE54-9A1E7A4F7556}") = "DigitalTwinDemo.Twin", "DigitalTwins\DigitalTwinDemo.Twin\DigitalTwinDemo.Twin.csproj", "{BDBC89AD-C34C-42D5-BE90-8A20CCCC7BFE}"
EndProject
Project("{2150E333-8FDC-42A3-9474-1A3956D46DE8}") = "Edge", "Edge", "{FA919296-AF86-44F3-958D-8267407B68F3}"
EndProject
Project("{34036844-64E7-43A5-9151-4AD90E180989}") = "IoTEdgeModule", "IoTEdgeModule\IoTEdgeModule.iotedgeproj", "{0928EBDF-99D5-401F-AA96-490F73DC53E4}"
EndProject
Project("{9A19103F-16F7-4668-BE54-9A1E7A4F7556}") = "IoTEdgeDemoModule", "IoTEdgeDemoModule\IoTEdgeDemoModule.csproj", "{3F7790E6-BBAB-4D57-9232-F3F327C38C3A}"
EndProject
Project("{2150E333-8FDC-42A3-9474-1A3956D46DE8}") = "IoTCentral", "IoTCentral", "{2BEFAEF6-BB06-4E98-A7F4-BF442CE583D5}"
EndProject
Project("{9A19103F-16F7-4668-BE54-9A1E7A4F7556}") = "SimulatedDevice", "SimulatedDeviceIoTCentral\SimulatedDevice.csproj", "{48C0065C-D043-421B-8115-7509FA426579}"
EndProject
Global
	GlobalSection(SolutionConfigurationPlatforms) = preSolution
		Debug|Any CPU = Debug|Any CPU
		Release|Any CPU = Release|Any CPU
	EndGlobalSection
	GlobalSection(ProjectConfigurationPlatforms) = postSolution
		{8B1CB578-E023-4D20-9DCF-273E96FD3F0D}.Debug|Any CPU.ActiveCfg = Debug|Any CPU
		{8B1CB578-E023-4D20-9DCF-273E96FD3F0D}.Debug|Any CPU.Build.0 = Debug|Any CPU
		{8B1CB578-E023-4D20-9DCF-273E96FD3F0D}.Release|Any CPU.ActiveCfg = Release|Any CPU
		{8B1CB578-E023-4D20-9DCF-273E96FD3F0D}.Release|Any CPU.Build.0 = Release|Any CPU
		{9D8CD091-0507-4726-83C4-330D442EB164}.Debug|Any CPU.ActiveCfg = Debug|Any CPU
		{9D8CD091-0507-4726-83C4-330D442EB164}.Debug|Any CPU.Build.0 = Debug|Any CPU
		{9D8CD091-0507-4726-83C4-330D442EB164}.Release|Any CPU.ActiveCfg = Release|Any CPU
		{9D8CD091-0507-4726-83C4-330D442EB164}.Release|Any CPU.Build.0 = Release|Any CPU
		{28230833-B769-4CF5-94FE-C81E1632C74F}.Debug|Any CPU.ActiveCfg = Debug|Any CPU
		{28230833-B769-4CF5-94FE-C81E1632C74F}.Debug|Any CPU.Build.0 = Debug|Any CPU
		{28230833-B769-4CF5-94FE-C81E1632C74F}.Release|Any CPU.ActiveCfg = Release|Any CPU
		{28230833-B769-4CF5-94FE-C81E1632C74F}.Release|Any CPU.Build.0 = Release|Any CPU
		{784ED679-000E-41F6-8EB3-5DE29C2A1898}.Debug|Any CPU.ActiveCfg = Debug|Any CPU
		{784ED679-000E-41F6-8EB3-5DE29C2A1898}.Debug|Any CPU.Build.0 = Debug|Any CPU
		{784ED679-000E-41F6-8EB3-5DE29C2A1898}.Release|Any CPU.ActiveCfg = Release|Any CPU
		{784ED679-000E-41F6-8EB3-5DE29C2A1898}.Release|Any CPU.Build.0 = Release|Any CPU
		{0639F5B3-BFB6-4135-8E22-38C2DB92344B}.Debug|Any CPU.ActiveCfg = Debug|Any CPU
		{0639F5B3-BFB6-4135-8E22-38C2DB92344B}.Debug|Any CPU.Build.0 = Debug|Any CPU
		{0639F5B3-BFB6-4135-8E22-38C2DB92344B}.Release|Any CPU.ActiveCfg = Release|Any CPU
		{0639F5B3-BFB6-4135-8E22-38C2DB92344B}.Release|Any CPU.Build.0 = Release|Any CPU
		{5CFFE8ED-CEC7-4A9B-ADD3-3793766D1BC0}.Debug|Any CPU.ActiveCfg = Debug|Any CPU
		{5CFFE8ED-CEC7-4A9B-ADD3-3793766D1BC0}.Debug|Any CPU.Build.0 = Debug|Any CPU
		{5CFFE8ED-CEC7-4A9B-ADD3-3793766D1BC0}.Release|Any CPU.ActiveCfg = Release|Any CPU
		{5CFFE8ED-CEC7-4A9B-ADD3-3793766D1BC0}.Release|Any CPU.Build.0 = Release|Any CPU
		{CF716A12-78C3-47A4-A486-3B16ADEE4C0D}.Debug|Any CPU.ActiveCfg = Debug|Any CPU
		{CF716A12-78C3-47A4-A486-3B16ADEE4C0D}.Debug|Any CPU.Build.0 = Debug|Any CPU
		{CF716A12-78C3-47A4-A486-3B16ADEE4C0D}.Release|Any CPU.ActiveCfg = Release|Any CPU
		{CF716A12-78C3-47A4-A486-3B16ADEE4C0D}.Release|Any CPU.Build.0 = Release|Any CPU
		{70F21245-6D98-4EA1-B044-E3AD6B997043}.Debug|Any CPU.ActiveCfg = Debug|Any CPU
		{70F21245-6D98-4EA1-B044-E3AD6B997043}.Debug|Any CPU.Build.0 = Debug|Any CPU
		{70F21245-6D98-4EA1-B044-E3AD6B997043}.Release|Any CPU.ActiveCfg = Release|Any CPU
		{70F21245-6D98-4EA1-B044-E3AD6B997043}.Release|Any CPU.Build.0 = Release|Any CPU
		{BDBC89AD-C34C-42D5-BE90-8A20CCCC7BFE}.Debug|Any CPU.ActiveCfg = Debug|Any CPU
		{BDBC89AD-C34C-42D5-BE90-8A20CCCC7BFE}.Debug|Any CPU.Build.0 = Debug|Any CPU
		{BDBC89AD-C34C-42D5-BE90-8A20CCCC7BFE}.Release|Any CPU.ActiveCfg = Release|Any CPU
		{BDBC89AD-C34C-42D5-BE90-8A20CCCC7BFE}.Release|Any CPU.Build.0 = Release|Any CPU
		{0928EBDF-99D5-401F-AA96-490F73DC53E4}.Debug|Any CPU.ActiveCfg = Debug|Any CPU
		{0928EBDF-99D5-401F-AA96-490F73DC53E4}.Debug|Any CPU.Build.0 = Debug|Any CPU
		{0928EBDF-99D5-401F-AA96-490F73DC53E4}.Release|Any CPU.ActiveCfg = Release|Any CPU
		{0928EBDF-99D5-401F-AA96-490F73DC53E4}.Release|Any CPU.Build.0 = Release|Any CPU
		{3F7790E6-BBAB-4D57-9232-F3F327C38C3A}.Debug|Any CPU.ActiveCfg = Debug|Any CPU
		{3F7790E6-BBAB-4D57-9232-F3F327C38C3A}.Debug|Any CPU.Build.0 = Debug|Any CPU
		{3F7790E6-BBAB-4D57-9232-F3F327C38C3A}.Release|Any CPU.ActiveCfg = Release|Any CPU
		{3F7790E6-BBAB-4D57-9232-F3F327C38C3A}.Release|Any CPU.Build.0 = Release|Any CPU
		{48C0065C-D043-421B-8115-7509FA426579}.Debug|Any CPU.ActiveCfg = Debug|Any CPU
		{48C0065C-D043-421B-8115-7509FA426579}.Debug|Any CPU.Build.0 = Debug|Any CPU
		{48C0065C-D043-421B-8115-7509FA426579}.Release|Any CPU.ActiveCfg = Release|Any CPU
		{48C0065C-D043-421B-8115-7509FA426579}.Release|Any CPU.Build.0 = Release|Any CPU
	EndGlobalSection
	GlobalSection(SolutionProperties) = preSolution
		HideSolutionNode = FALSE
	EndGlobalSection
	GlobalSection(NestedProjects) = preSolution
		{8B1CB578-E023-4D20-9DCF-273E96FD3F0D} = {C144D278-E71B-442C-A0D6-526AE5819480}
		{9D8CD091-0507-4726-83C4-330D442EB164} = {C144D278-E71B-442C-A0D6-526AE5819480}
		{28230833-B769-4CF5-94FE-C81E1632C74F} = {C144D278-E71B-442C-A0D6-526AE5819480}
		{784ED679-000E-41F6-8EB3-5DE29C2A1898} = {C144D278-E71B-442C-A0D6-526AE5819480}
		{0639F5B3-BFB6-4135-8E22-38C2DB92344B} = {95261A67-2D82-497B-A1A3-62EEACD87F17}
		{5CFFE8ED-CEC7-4A9B-ADD3-3793766D1BC0} = {114F33C3-3A30-4A18-9BBC-FE204EF735EA}
		{CF716A12-78C3-47A4-A486-3B16ADEE4C0D} = {8CCADF98-E27D-4CC1-B1FD-ECC82A6FD673}
		{70F21245-6D98-4EA1-B044-E3AD6B997043} = {8CCADF98-E27D-4CC1-B1FD-ECC82A6FD673}
		{BDBC89AD-C34C-42D5-BE90-8A20CCCC7BFE} = {8CCADF98-E27D-4CC1-B1FD-ECC82A6FD673}
		{0928EBDF-99D5-401F-AA96-490F73DC53E4} = {FA919296-AF86-44F3-958D-8267407B68F3}
		{3F7790E6-BBAB-4D57-9232-F3F327C38C3A} = {FA919296-AF86-44F3-958D-8267407B68F3}
		{48C0065C-D043-421B-8115-7509FA426579} = {2BEFAEF6-BB06-4E98-A7F4-BF442CE583D5}
	EndGlobalSection
	GlobalSection(ExtensibilityGlobals) = postSolution
		SolutionGuid = {4E98F250-22AD-4F3C-B42D-55AF7C18D628}
	EndGlobalSection
EndGlobal
